PODS:
  - AFNetworking (2.5.4):
    - AFNetworking/NSURLConnection (= 2.5.4)
    - AFNetworking/NSURLSession (= 2.5.4)
    - AFNetworking/Reachability (= 2.5.4)
    - AFNetworking/Security (= 2.5.4)
    - AFNetworking/Serialization (= 2.5.4)
    - AFNetworking/UIKit (= 2.5.4)
  - AFNetworking/NSURLConnection (2.5.4):
    - AFNetworking/Reachability
    - AFNetworking/Security
    - AFNetworking/Serialization
  - AFNetworking/NSURLSession (2.5.4):
    - AFNetworking/Reachability
    - AFNetworking/Security
    - AFNetworking/Serialization
  - AFNetworking/Reachability (2.5.4)
  - AFNetworking/Security (2.5.4)
  - AFNetworking/Serialization (2.5.4)
  - AFNetworking/UIKit (2.5.4):
    - AFNetworking/NSURLConnection
    - AFNetworking/NSURLSession
  - AJWValidator (0.0.8)
  - HCSStarRatingView (1.4.5)
  - MBProgressHUD (0.9.2)
  - SCLAlertView-Objective-C (1.0.3)
  - SDWebImage (3.7.6):
    - SDWebImage/Core (= 3.7.6)
  - SDWebImage/Core (3.7.6)
  - UIFloatLabelTextField (1.2.5)

DEPENDENCIES:
  - AFNetworking (~> 2.5.4)
  - AJWValidator
  - HCSStarRatingView (~> 1.4.5)
  - MBProgressHUD (~> 0.9.2)
  - SCLAlertView-Objective-C
  - SDWebImage (~> 3.7)
  - UIFloatLabelTextField

SPEC CHECKSUMS:
  AFNetworking: 05edc0ac4c4c8cf57bcf4b84be5b0744b6d8e71e
  AJWValidator: ed00557b9cdcc38a8216aa9ddbd76b4eadb73615
  HCSStarRatingView: bff3f89314d3b5013ce826ea11897d3129ff6b8c
  MBProgressHUD: 1569cf7ace17a8bac47aabfbb8580a49690386d1
  SCLAlertView-Objective-C: e83376218b431109dc5403adc63f8e9787db7b74
  SDWebImage: c325cf02c30337336b95beff20a13df489ec0ec9
  UIFloatLabelTextField: b01b1bcea4b4fd617e80744f3cfd06e1d1b7e75e

PODFILE CHECKSUM: 53ee68ffc592a07acb2e03c200b2013c6f861209

COCOAPODS: 1.0.0
